
Microsoft Visual Studio Solution File, Format Version 12.00
# Visual Studio 15
VisualStudioVersion = 15.0.28010.2016
MinimumVisualStudioVersion = 10.0.40219.1
Project("{FAE04EC0-301F-11D3-BF4B-00C04F79EFBC}") = "ProCSharp7Book", "ProCSharp7Book\ProCSharp7Book.csproj", "{4BACBFED-5ADB-4248-BB8C-266BAF9A504C}"
EndProject
Global
	GlobalSection(SolutionConfigurationPlatforms) = preSolution
		Debug|Any CPU = Debug|Any CPU
		Release|Any CPU = Release|Any CPU
	EndGlobalSection
	GlobalSection(ProjectConfigurationPlatforms) = postSolution
		{4BACBFED-5ADB-4248-BB8C-266BAF9A504C}.Debug|Any CPU.ActiveCfg = Debug|Any CPU
		{4BACBFED-5ADB-4248-BB8C-266BAF9A504C}.Debug|Any CPU.Build.0 = Debug|Any CPU
		{4BACBFED-5ADB-4248-BB8C-266BAF9A504C}.Release|Any CPU.ActiveCfg = Release|Any CPU
		{4BACBFED-5ADB-4248-BB8C-266BAF9A504C}.Release|Any CPU.Build.0 = Release|Any CPU
	EndGlobalSection
	GlobalSection(SolutionProperties) = preSolution
		HideSolutionNode = FALSE
	EndGlobalSection
	GlobalSection(ExtensibilityGlobals) = postSolution
		SolutionGuid = {201E67F6-67FC-49AA-A596-7BCA4AD1A29C}
	EndGlobalSection
EndGlobal
